
Microsoft Visual Studio Solution File, Format Version 12.00
# Visual Studio Version 17
VisualStudioVersion = 17.2.32526.322
MinimumVisualStudioVersion = 10.0.40219.1
Project("{FAE04EC0-301F-11D3-BF4B-00C04F79EFBC}") = "AbstractSealedVirtual", "AbstractSealedVirtual\AbstractSealedVirtual.csproj", "{ADC0D90D-7CB6-4FFD-9350-A05950968F8E}"
EndProject
Global
	GlobalSection(SolutionConfigurationPlatforms) = preSolution
		Debug|Any CPU = Debug|Any CPU
		Release|Any CPU = Release|Any CPU
	EndGlobalSection
	GlobalSection(ProjectConfigurationPlatforms) = postSolution
		{ADC0D90D-7CB6-4FFD-9350-A05950968F8E}.Debug|Any CPU.ActiveCfg = Debug|Any CPU
		{ADC0D90D-7CB6-4FFD-9350-A05950968F8E}.Debug|Any CPU.Build.0 = Debug|Any CPU
		{ADC0D90D-7CB6-4FFD-9350-A05950968F8E}.Release|Any CPU.ActiveCfg = Release|Any CPU
		{ADC0D90D-7CB6-4FFD-9350-A05950968F8E}.Release|Any CPU.Build.0 = Release|Any CPU
	EndGlobalSection
	GlobalSection(SolutionProperties) = preSolution
		HideSolutionNode = FALSE
	EndGlobalSection
	GlobalSection(ExtensibilityGlobals) = postSolution
		SolutionGuid = {7E6F62F7-FD25-41C3-803A-8C03526775D3}
	EndGlobalSection
EndGlobal
