
Microsoft Visual Studio Solution File, Format Version 12.00
# Visual Studio Version 17
VisualStudioVersion = 17.2.32526.322
MinimumVisualStudioVersion = 10.0.40219.1
Project("{FAE04EC0-301F-11D3-BF4B-00C04F79EFBC}") = "ADONETExample", "ADONETExample\ADONETExample.csproj", "{15D13C13-DD0C-44E7-9926-8246D33A474F}"
EndProject
Global
	GlobalSection(SolutionConfigurationPlatforms) = preSolution
		Debug|Any CPU = Debug|Any CPU
		Release|Any CPU = Release|Any CPU
	EndGlobalSection
	GlobalSection(ProjectConfigurationPlatforms) = postSolution
		{15D13C13-DD0C-44E7-9926-8246D33A474F}.Debug|Any CPU.ActiveCfg = Debug|Any CPU
		{15D13C13-DD0C-44E7-9926-8246D33A474F}.Debug|Any CPU.Build.0 = Debug|Any CPU
		{15D13C13-DD0C-44E7-9926-8246D33A474F}.Release|Any CPU.ActiveCfg = Release|Any CPU
		{15D13C13-DD0C-44E7-9926-8246D33A474F}.Release|Any CPU.Build.0 = Release|Any CPU
	EndGlobalSection
	GlobalSection(SolutionProperties) = preSolution
		HideSolutionNode = FALSE
	EndGlobalSection
	GlobalSection(ExtensibilityGlobals) = postSolution
		SolutionGuid = {A7CCBC32-92E0-4390-8145-2E56C3A8EFFD}
	EndGlobalSection
EndGlobal
