
Microsoft Visual Studio Solution File, Format Version 12.00
# Visual Studio Version 17
VisualStudioVersion = 17.2.32526.322
MinimumVisualStudioVersion = 10.0.40219.1
Project("{FAE04EC0-301F-11D3-BF4B-00C04F79EFBC}") = "AccessModifiers", "AccessModifiers\AccessModifiers.csproj", "{84852D14-6E7A-4C2C-9D45-2C3EB04F1D67}"
EndProject
Project("{FAE04EC0-301F-11D3-BF4B-00C04F79EFBC}") = "Education", "Education\Education.csproj", "{493E7882-EE2C-48F3-BCF3-587914D5AF8D}"
EndProject
Global
	GlobalSection(SolutionConfigurationPlatforms) = preSolution
		Debug|Any CPU = Debug|Any CPU
		Release|Any CPU = Release|Any CPU
	EndGlobalSection
	GlobalSection(ProjectConfigurationPlatforms) = postSolution
		{84852D14-6E7A-4C2C-9D45-2C3EB04F1D67}.Debug|Any CPU.ActiveCfg = Debug|Any CPU
		{84852D14-6E7A-4C2C-9D45-2C3EB04F1D67}.Debug|Any CPU.Build.0 = Debug|Any CPU
		{84852D14-6E7A-4C2C-9D45-2C3EB04F1D67}.Release|Any CPU.ActiveCfg = Release|Any CPU
		{84852D14-6E7A-4C2C-9D45-2C3EB04F1D67}.Release|Any CPU.Build.0 = Release|Any CPU
		{493E7882-EE2C-48F3-BCF3-587914D5AF8D}.Debug|Any CPU.ActiveCfg = Debug|Any CPU
		{493E7882-EE2C-48F3-BCF3-587914D5AF8D}.Debug|Any CPU.Build.0 = Debug|Any CPU
		{493E7882-EE2C-48F3-BCF3-587914D5AF8D}.Release|Any CPU.ActiveCfg = Release|Any CPU
		{493E7882-EE2C-48F3-BCF3-587914D5AF8D}.Release|Any CPU.Build.0 = Release|Any CPU
	EndGlobalSection
	GlobalSection(SolutionProperties) = preSolution
		HideSolutionNode = FALSE
	EndGlobalSection
	GlobalSection(ExtensibilityGlobals) = postSolution
		SolutionGuid = {F6DB5CB6-580C-4F63-B4ED-7AF03C95AC90}
	EndGlobalSection
EndGlobal
